{
  "object": {
    "pins": [
      {
        "package": "SDWebImage",
        "repositoryURL": "https://github.com/SDWebImage/SDWebImage.git",
        "state": {
          "branch": null,
          "revision": "3312bf5e67b52fbce7c3caf431b0cda721a9f7bb",
          "version": "5.14.2"
        }
      },
      {
        "package": "SDWebImageSwiftUI",
        "repositoryURL": "https://github.com/SDWebImage/SDWebImageSwiftUI",
        "state": {
          "branch": "master",
          "revision": "ed288667c909c89127ab1b690113a3e397af3098",
          "version": null
        }
      }
    ]
  },
  "version": 1
}
